// !$*UTF8*$!
{
	archiveVersion = 1;
	classes = {
	};
	objectVersion = 77;
	objects = {

/* Begin PBXContainerItemProxy section */
		55AB71CF2DA732B3002E3C0A /* PBXContainerItemProxy */ = {
			isa = PBXContainerItemProxy;
			containerPortal = 55AB71B12DA732AE002E3C0A /* Project object */;
			proxyType = 1;
			remoteGlobalIDString = 55AB71B82DA732AE002E3C0A;
			remoteInfo = "Name It";
		};
		55AB71D92DA732B3002E3C0A /* PBXContainerItemProxy */ = {
			isa = PBXContainerItemProxy;
			containerPortal = 55AB71B12DA732AE002E3C0A /* Project object */;
			proxyType = 1;
			remoteGlobalIDString = 55AB71B82DA732AE002E3C0A;
			remoteInfo = "Name It";
		};
/* End PBXContainerItemProxy section */

/* Begin PBXFileReference section */
		55AB71B92DA732AE002E3C0A /* Real Talk.app */ = {isa = PBXFileReference; explicitFileType = wrapper.application; includeInIndex = 0; path = "Real Talk.app"; sourceTree = BUILT_PRODUCTS_DIR; };
		55AB71CE2DA732B3002E3C0A /* Name ItTests.xctest */ = {isa = PBXFileReference; explicitFileType = wrapper.cfbundle; includeInIndex = 0; path = "Name ItTests.xctest"; sourceTree = BUILT_PRODUCTS_DIR; };
		55AB71D82DA732B3002E3C0A /* Name ItUITests.xctest */ = {isa = PBXFileReference; explicitFileType = wrapper.cfbundle; includeInIndex = 0; path = "Name ItUITests.xctest"; sourceTree = BUILT_PRODUCTS_DIR; };
/* End PBXFileReference section */

/* Begin PBXFileSystemSynchronizedBuildFileExceptionSet section */
		55675D0E2DB452670010BFDE /* Exceptions for "Name It" folder in "Name It" target */ = {
			isa = PBXFileSystemSynchronizedBuildFileExceptionSet;
			membershipExceptions = (
				"Name-It-Info.plist",
			);
			target = 55AB71B82DA732AE002E3C0A /* Name It */;
		};
/* End PBXFileSystemSynchronizedBuildFileExceptionSet section */

/* Begin PBXFileSystemSynchronizedRootGroup section */
		55AB71BB2DA732AE002E3C0A /* Name It */ = {
			isa = PBXFileSystemSynchronizedRootGroup;
			exceptions = (
				55675D0E2DB452670010BFDE /* Exceptions for "Name It" folder in "Name It" target */,
			);
			path = "Name It";
			sourceTree = "<group>";
		};
		55AB71D12DA732B3002E3C0A /* Name ItTests */ = {
			isa = PBXFileSystemSynchronizedRootGroup;
			path = "Name ItTests";
			sourceTree = "<group>";
		};
		55AB71DB2DA732B3002E3C0A /* Name ItUITests */ = {
			isa = PBXFileSystemSynchronizedRootGroup;
			path = "Name ItUITests";
			sourceTree = "<group>";
		};
/* End PBXFileSystemSynchronizedRootGroup section */

/* Begin PBXFrameworksBuildPhase section */
		55AB71B62DA732AE002E3C0A /* Frameworks */ = {
			isa = PBXFrameworksBuildPhase;
			buildActionMask = 2147483647;
			files = (
			);
			runOnlyForDeploymentPostprocessing = 0;
		};
		55AB71CB2DA732B3002E3C0A /* Frameworks */ = {
			isa = PBXFrameworksBuildPhase;
			buildActionMask = 2147483647;
			files = (
			);
			runOnlyForDeploymentPostprocessing = 0;
		};
		55AB71D52DA732B3002E3C0A /* Frameworks */ = {
			isa = PBXFrameworksBuildPhase;
			buildActionMask = 2147483647;
			files = (
			);
			runOnlyForDeploymentPostprocessing = 0;
		};
/* End PBXFrameworksBuildPhase section */

/* Begin PBXGroup section */
		55AB71B02DA732AE002E3C0A = {
			isa = PBXGroup;
			children = (
				55AB71BB2DA732AE002E3C0A /* Name It */,
				55AB71D12DA732B3002E3C0A /* Name ItTests */,
				55AB71DB2DA732B3002E3C0A /* Name ItUITests */,
				55AB71BA2DA732AE002E3C0A /* Products */,
			);
			sourceTree = "<group>";
		};
		55AB71BA2DA732AE002E3C0A /* Products */ = {
			isa = PBXGroup;
			children = (
				55AB71B92DA732AE002E3C0A /* Real Talk.app */,
				55AB71CE2DA732B3002E3C0A /* Name ItTests.xctest */,
				55AB71D82DA732B3002E3C0A /* Name ItUITests.xctest */,
			);
			name = Products;
			sourceTree = "<group>";
		};
/* End PBXGroup section */

/* Begin PBXNativeTarget section */
		55AB71B82DA732AE002E3C0A /* Name It */ = {
			isa = PBXNativeTarget;
			buildConfigurationList = 55AB71E22DA732B3002E3C0A /* Build configuration list for PBXNativeTarget "Name It" */;
			buildPhases = (
				55AB71B52DA732AE002E3C0A /* Sources */,
				55AB71B62DA732AE002E3C0A /* Frameworks */,
				55AB71B72DA732AE002E3C0A /* Resources */,
			);
			buildRules = (
			);
			dependencies = (
			);
			fileSystemSynchronizedGroups = (
				55AB71BB2DA732AE002E3C0A /* Name It */,
			);
			name = "Name It";
			packageProductDependencies = (
			);
			productName = "Name It";
			productReference = 55AB71B92DA732AE002E3C0A /* Real Talk.app */;
			productType = "com.apple.product-type.application";
		};
		55AB71CD2DA732B3002E3C0A /* Name ItTests */ = {
			isa = PBXNativeTarget;
			buildConfigurationList = 55AB71E52DA732B3002E3C0A /* Build configuration list for PBXNativeTarget "Name ItTests" */;
			buildPhases = (
				55AB71CA2DA732B3002E3C0A /* Sources */,
				55AB71CB2DA732B3002E3C0A /* Frameworks */,
				55AB71CC2DA732B3002E3C0A /* Resources */,
			);
			buildRules = (
			);
			dependencies = (
				55AB71D02DA732B3002E3C0A /* PBXTargetDependency */,
			);
			fileSystemSynchronizedGroups = (
				55AB71D12DA732B3002E3C0A /* Name ItTests */,
			);
			name = "Name ItTests";
			packageProductDependencies = (
			);
			productName = "Name ItTests";
			productReference = 55AB71CE2DA732B3002E3C0A /* Name ItTests.xctest */;
			productType = "com.apple.product-type.bundle.unit-test";
		};
		55AB71D72DA732B3002E3C0A /* Name ItUITests */ = {
			isa = PBXNativeTarget;
			buildConfigurationList = 55AB71E82DA732B3002E3C0A /* Build configuration list for PBXNativeTarget "Name ItUITests" */;
			buildPhases = (
				55AB71D42DA732B3002E3C0A /* Sources */,
				55AB71D52DA732B3002E3C0A /* Frameworks */,
				55AB71D62DA732B3002E3C0A /* Resources */,
			);
			buildRules = (
			);
			dependencies = (
				55AB71DA2DA732B3002E3C0A /* PBXTargetDependency */,
			);
			fileSystemSynchronizedGroups = (
				55AB71DB2DA732B3002E3C0A /* Name ItUITests */,
			);
			name = "Name ItUITests";
			packageProductDependencies = (
			);
			productName = "Name ItUITests";
			productReference = 55AB71D82DA732B3002E3C0A /* Name ItUITests.xctest */;
			productType = "com.apple.product-type.bundle.ui-testing";
		};
/* End PBXNativeTarget section */

/* Begin PBXProject section */
		55AB71B12DA732AE002E3C0A /* Project object */ = {
			isa = PBXProject;
			attributes = {
				BuildIndependentTargetsInParallel = 1;
				LastSwiftUpdateCheck = 1620;
				LastUpgradeCheck = 1620;
				TargetAttributes = {
					55AB71B82DA732AE002E3C0A = {
						CreatedOnToolsVersion = 16.2;
					};
					55AB71CD2DA732B3002E3C0A = {
						CreatedOnToolsVersion = 16.2;
						TestTargetID = 55AB71B82DA732AE002E3C0A;
					};
					55AB71D72DA732B3002E3C0A = {
						CreatedOnToolsVersion = 16.2;
						TestTargetID = 55AB71B82DA732AE002E3C0A;
					};
				};
			};
			buildConfigurationList = 55AB71B42DA732AE002E3C0A /* Build configuration list for PBXProject "Name It" */;
			developmentRegion = en;
			hasScannedForEncodings = 0;
			knownRegions = (
				en,
				Base,
			);
			mainGroup = 55AB71B02DA732AE002E3C0A;
			minimizedProjectReferenceProxies = 1;
			preferredProjectObjectVersion = 77;
			productRefGroup = 55AB71BA2DA732AE002E3C0A /* Products */;
			projectDirPath = "";
			projectRoot = "";
			targets = (
				55AB71B82DA732AE002E3C0A /* Name It */,
				55AB71CD2DA732B3002E3C0A /* Name ItTests */,
				55AB71D72DA732B3002E3C0A /* Name ItUITests */,
			);
		};
/* End PBXProject section */

/* Begin PBXResourcesBuildPhase section */
		55AB71B72DA732AE002E3C0A /* Resources */ = {
			isa = PBXResourcesBuildPhase;
			buildActionMask = 2147483647;
			files = (
			);
			runOnlyForDeploymentPostprocessing = 0;
		};
		55AB71CC2DA732B3002E3C0A /* Resources */ = {
			isa = PBXResourcesBuildPhase;
			buildActionMask = 2147483647;
			files = (
			);
			runOnlyForDeploymentPostprocessing = 0;
		};
		55AB71D62DA732B3002E3C0A /* Resources */ = {
			isa = PBXResourcesBuildPhase;
			buildActionMask = 2147483647;
			files = (
			);
			runOnlyForDeploymentPostprocessing = 0;
		};
/* End PBXResourcesBuildPhase section */

/* Begin PBXSourcesBuildPhase section */
		55AB71B52DA732AE002E3C0A /* Sources */ = {
			isa = PBXSourcesBuildPhase;
			buildActionMask = 2147483647;
			files = (
			);
			runOnlyForDeploymentPostprocessing = 0;
		};
		55AB71CA2DA732B3002E3C0A /* Sources */ = {
			isa = PBXSourcesBuildPhase;
			buildActionMask = 2147483647;
			files = (
			);
			runOnlyForDeploymentPostprocessing = 0;
		};
		55AB71D42DA732B3002E3C0A /* Sources */ = {
			isa = PBXSourcesBuildPhase;
			buildActionMask = 2147483647;
			files = (
			);
			runOnlyForDeploymentPostprocessing = 0;
		};
/* End PBXSourcesBuildPhase section */

/* Begin PBXTargetDependency section */
		55AB71D02DA732B3002E3C0A /* PBXTargetDependency */ = {
			isa = PBXTargetDependency;
			target = 55AB71B82DA732AE002E3C0A /* Name It */;
			targetProxy = 55AB71CF2DA732B3002E3C0A /* PBXContainerItemProxy */;
		};
		55AB71DA2DA732B3002E3C0A /* PBXTargetDependency */ = {
			isa = PBXTargetDependency;
			target = 55AB71B82DA732AE002E3C0A /* Name It */;
			targetProxy = 55AB71D92DA732B3002E3C0A /* PBXContainerItemProxy */;
		};
/* End PBXTargetDependency section */

/* Begin XCBuildConfiguration section */
		55AB71E02DA732B3002E3C0A /* Debug */ = {
			isa = XCBuildConfiguration;
			buildSettings = {
				ALWAYS_SEARCH_USER_PATHS = NO;
				ASSETCATALOG_COMPILER_GENERATE_SWIFT_ASSET_SYMBOL_EXTENSIONS = YES;
				CLANG_ANALYZER_NONNULL = YES;
				CLANG_ANALYZER_NUMBER_OBJECT_CONVERSION = YES_AGGRESSIVE;
				CLANG_CXX_LANGUAGE_STANDARD = "gnu++20";
				CLANG_ENABLE_MODULES = YES;
				CLANG_ENABLE_OBJC_ARC = YES;
				CLANG_ENABLE_OBJC_WEAK = YES;
				CLANG_WARN_BLOCK_CAPTURE_AUTORELEASING = YES;
				CLANG_WARN_BOOL_CONVERSION = YES;
				CLANG_WARN_COMMA = YES;
				CLANG_WARN_CONSTANT_CONVERSION = YES;
				CLANG_WARN_DEPRECATED_OBJC_IMPLEMENTATIONS = YES;
				CLANG_WARN_DIRECT_OBJC_ISA_USAGE = YES_ERROR;
				CLANG_WARN_DOCUMENTATION_COMMENTS = YES;
				CLANG_WARN_EMPTY_BODY = YES;
				CLANG_WARN_ENUM_CONVERSION = YES;
				CLANG_WARN_INFINITE_RECURSION = YES;
				CLANG_WARN_INT_CONVERSION = YES;
				CLANG_WARN_NON_LITERAL_NULL_CONVERSION = YES;
				CLANG_WARN_OBJC_IMPLICIT_RETAIN_SELF = YES;
				CLANG_WARN_OBJC_LITERAL_CONVERSION = YES;
				CLANG_WARN_OBJC_ROOT_CLASS = YES_ERROR;
				CLANG_WARN_QUOTED_INCLUDE_IN_FRAMEWORK_HEADER = YES;
				CLANG_WARN_RANGE_LOOP_ANALYSIS = YES;
				CLANG_WARN_STRICT_PROTOTYPES = YES;
				CLANG_WARN_SUSPICIOUS_MOVE = YES;
				CLANG_WARN_UNGUARDED_AVAILABILITY = YES_AGGRESSIVE;
				CLANG_WARN_UNREACHABLE_CODE = YES;
				CLANG_WARN__DUPLICATE_METHOD_MATCH = YES;
				COPY_PHASE_STRIP = NO;
				DEBUG_INFORMATION_FORMAT = dwarf;
				ENABLE_STRICT_OBJC_MSGSEND = YES;
				ENABLE_TESTABILITY = YES;
				ENABLE_USER_SCRIPT_SANDBOXING = YES;
				GCC_C_LANGUAGE_STANDARD = gnu17;
				GCC_DYNAMIC_NO_PIC = NO;
				GCC_NO_COMMON_BLOCKS = YES;
				GCC_OPTIMIZATION_LEVEL = 0;
				GCC_PREPROCESSOR_DEFINITIONS = (
					"DEBUG=1",
					"$(inherited)",
				);
				GCC_WARN_64_TO_32_BIT_CONVERSION = YES;
				GCC_WARN_ABOUT_RETURN_TYPE = YES_ERROR;
				GCC_WARN_UNDECLARED_SELECTOR = YES;
				GCC_WARN_UNINITIALIZED_AUTOS = YES_AGGRESSIVE;
				GCC_WARN_UNUSED_FUNCTION = YES;
				GCC_WARN_UNUSED_VARIABLE = YES;
				IPHONEOS_DEPLOYMENT_TARGET = 18.2;
				LOCALIZATION_PREFERS_STRING_CATALOGS = YES;
				MTL_ENABLE_DEBUG_INFO = INCLUDE_SOURCE;
				MTL_FAST_MATH = YES;
				ONLY_ACTIVE_ARCH = YES;
				SDKROOT = iphoneos;
				SWIFT_ACTIVE_COMPILATION_CONDITIONS = "DEBUG $(inherited)";
				SWIFT_OPTIMIZATION_LEVEL = "-Onone";
			};
			name = Debug;
		};
		55AB71E12DA732B3002E3C0A /* Release */ = {
			isa = XCBuildConfiguration;
			buildSettings = {
				ALWAYS_SEARCH_USER_PATHS = NO;
				ASSETCATALOG_COMPILER_GENERATE_SWIFT_ASSET_SYMBOL_EXTENSIONS = YES;
				CLANG_ANALYZER_NONNULL = YES;
				CLANG_ANALYZER_NUMBER_OBJECT_CONVERSION = YES_AGGRESSIVE;
				CLANG_CXX_LANGUAGE_STANDARD = "gnu++20";
				CLANG_ENABLE_MODULES = YES;
				CLANG_ENABLE_OBJC_ARC = YES;
				CLANG_ENABLE_OBJC_WEAK = YES;
				CLANG_WARN_BLOCK_CAPTURE_AUTORELEASING = YES;
				CLANG_WARN_BOOL_CONVERSION = YES;
				CLANG_WARN_COMMA = YES;
				CLANG_WARN_CONSTANT_CONVERSION = YES;
				CLANG_WARN_DEPRECATED_OBJC_IMPLEMENTATIONS = YES;
				CLANG_WARN_DIRECT_OBJC_ISA_USAGE = YES_ERROR;
				CLANG_WARN_DOCUMENTATION_COMMENTS = YES;
				CLANG_WARN_EMPTY_BODY = YES;
				CLANG_WARN_ENUM_CONVERSION = YES;
				CLANG_WARN_INFINITE_RECURSION = YES;
				CLANG_WARN_INT_CONVERSION = YES;
				CLANG_WARN_NON_LITERAL_NULL_CONVERSION = YES;
				CLANG_WARN_OBJC_IMPLICIT_RETAIN_SELF = YES;
				CLANG_WARN_OBJC_LITERAL_CONVERSION = YES;
				CLANG_WARN_OBJC_ROOT_CLASS = YES_ERROR;
				CLANG_WARN_QUOTED_INCLUDE_IN_FRAMEWORK_HEADER = YES;
				CLANG_WARN_RANGE_LOOP_ANALYSIS = YES;
				CLANG_WARN_STRICT_PROTOTYPES = YES;
				CLANG_WARN_SUSPICIOUS_MOVE = YES;
				CLANG_WARN_UNGUARDED_AVAILABILITY = YES_AGGRESSIVE;
				CLANG_WARN_UNREACHABLE_CODE = YES;
				CLANG_WARN__DUPLICATE_METHOD_MATCH = YES;
				COPY_PHASE_STRIP = NO;
				DEBUG_INFORMATION_FORMAT = "dwarf-with-dsym";
				ENABLE_NS_ASSERTIONS = NO;
				ENABLE_STRICT_OBJC_MSGSEND = YES;
				ENABLE_USER_SCRIPT_SANDBOXING = YES;
				GCC_C_LANGUAGE_STANDARD = gnu17;
				GCC_NO_COMMON_BLOCKS = YES;
				GCC_WARN_64_TO_32_BIT_CONVERSION = YES;
				GCC_WARN_ABOUT_RETURN_TYPE = YES_ERROR;
				GCC_WARN_UNDECLARED_SELECTOR = YES;
				GCC_WARN_UNINITIALIZED_AUTOS = YES_AGGRESSIVE;
				GCC_WARN_UNUSED_FUNCTION = YES;
				GCC_WARN_UNUSED_VARIABLE = YES;
				IPHONEOS_DEPLOYMENT_TARGET = 18.2;
				LOCALIZATION_PREFERS_STRING_CATALOGS = YES;
				MTL_ENABLE_DEBUG_INFO = NO;
				MTL_FAST_MATH = YES;
				SDKROOT = iphoneos;
				SWIFT_COMPILATION_MODE = wholemodule;
				VALIDATE_PRODUCT = YES;
			};
			name = Release;
		};
		55AB71E32DA732B3002E3C0A /* Debug */ = {
			isa = XCBuildConfiguration;
			buildSettings = {
				ASSETCATALOG_COMPILER_APPICON_NAME = AppIcon;
				ASSETCATALOG_COMPILER_GLOBAL_ACCENT_COLOR_NAME = AccentColor;
				CODE_SIGN_STYLE = Automatic;
				CURRENT_PROJECT_VERSION = 1;
				DEVELOPMENT_ASSET_PATHS = "\"Name It/Preview Content\"";
				DEVELOPMENT_TEAM = J632998URR;
				ENABLE_PREVIEWS = YES;
				GENERATE_INFOPLIST_FILE = YES;
				INFOPLIST_FILE = "Name-It-Info.plist";
				INFOPLIST_KEY_UIApplicationSceneManifest_Generation = YES;
				INFOPLIST_KEY_UIApplicationSupportsIndirectInputEvents = YES;
				INFOPLIST_KEY_UILaunchScreen_Generation = YES;
				INFOPLIST_KEY_UISupportedInterfaceOrientations_iPad = "UIInterfaceOrientationPortrait UIInterfaceOrientationPortraitUpsideDown UIInterfaceOrientationLandscapeLeft UIInterfaceOrientationLandscapeRight";
				INFOPLIST_KEY_UISupportedInterfaceOrientations_iPhone = "UIInterfaceOrientationPortrait UIInterfaceOrientationLandscapeLeft UIInterfaceOrientationLandscapeRight";
				LD_RUNPATH_SEARCH_PATHS = (
					"$(inherited)",
					"@executable_path/Frameworks",
				);
				MARKETING_VERSION = 1.0;
				PRODUCT_BUNDLE_IDENTIFIER = "com.cetys.Name-It";
				PRODUCT_NAME = "Real Talk";
				SWIFT_EMIT_LOC_STRINGS = YES;
				SWIFT_VERSION = 5.0;
				TARGETED_DEVICE_FAMILY = "1,2";
			};
			name = Debug;
		};
		55AB71E42DA732B3002E3C0A /* Release */ = {
			isa = XCBuildConfiguration;
			buildSettings = {
				ASSETCATALOG_COMPILER_APPICON_NAME = AppIcon;
				ASSETCATALOG_COMPILER_GLOBAL_ACCENT_COLOR_NAME = AccentColor;
				CODE_SIGN_STYLE = Automatic;
				CURRENT_PROJECT_VERSION = 1;
				DEVELOPMENT_ASSET_PATHS = "\"Name It/Preview Content\"";
				DEVELOPMENT_TEAM = J632998URR;
				ENABLE_PREVIEWS = YES;
				GENERATE_INFOPLIST_FILE = YES;
				INFOPLIST_FILE = "Name-It-Info.plist";
				INFOPLIST_KEY_UIApplicationSceneManifest_Generation = YES;
				INFOPLIST_KEY_UIApplicationSupportsIndirectInputEvents = YES;
				INFOPLIST_KEY_UILaunchScreen_Generation = YES;
				INFOPLIST_KEY_UISupportedInterfaceOrientations_iPad = "UIInterfaceOrientationPortrait UIInterfaceOrientationPortraitUpsideDown UIInterfaceOrientationLandscapeLeft UIInterfaceOrientationLandscapeRight";
				INFOPLIST_KEY_UISupportedInterfaceOrientations_iPhone = "UIInterfaceOrientationPortrait UIInterfaceOrientationLandscapeLeft UIInterfaceOrientationLandscapeRight";
				LD_RUNPATH_SEARCH_PATHS = (
					"$(inherited)",
					"@executable_path/Frameworks",
				);
				MARKETING_VERSION = 1.0;
				PRODUCT_BUNDLE_IDENTIFIER = "com.cetys.Name-It";
				PRODUCT_NAME = "Real Talk";
				SWIFT_EMIT_LOC_STRINGS = YES;
				SWIFT_VERSION = 5.0;
				TARGETED_DEVICE_FAMILY = "1,2";
			};
			name = Release;
		};
		55AB71E62DA732B3002E3C0A /* Debug */ = {
			isa = XCBuildConfiguration;
			buildSettings = {
				BUNDLE_LOADER = "$(TEST_HOST)";
				CODE_SIGN_STYLE = Automatic;
				CURRENT_PROJECT_VERSION = 1;
				DEVELOPMENT_TEAM = J632998URR;
				GENERATE_INFOPLIST_FILE = YES;
				IPHONEOS_DEPLOYMENT_TARGET = 18.2;
				MARKETING_VERSION = 1.0;
				PRODUCT_BUNDLE_IDENTIFIER = "com.cetys.Name-ItTests";
				PRODUCT_NAME = "$(TARGET_NAME)";
				SWIFT_EMIT_LOC_STRINGS = NO;
				SWIFT_VERSION = 5.0;
				TARGETED_DEVICE_FAMILY = "1,2";
				TEST_HOST = "$(BUILT_PRODUCTS_DIR)/Name It.app/$(BUNDLE_EXECUTABLE_FOLDER_PATH)/Name It";
			};
			name = Debug;
		};
		55AB71E72DA732B3002E3C0A /* Release */ = {
			isa = XCBuildConfiguration;
			buildSettings = {
				BUNDLE_LOADER = "$(TEST_HOST)";
				CODE_SIGN_STYLE = Automatic;
				CURRENT_PROJECT_VERSION = 1;
				DEVELOPMENT_TEAM = J632998URR;
				GENERATE_INFOPLIST_FILE = YES;
				IPHONEOS_DEPLOYMENT_TARGET = 18.2;
				MARKETING_VERSION = 1.0;
				PRODUCT_BUNDLE_IDENTIFIER = "com.cetys.Name-ItTests";
				PRODUCT_NAME = "$(TARGET_NAME)";
				SWIFT_EMIT_LOC_STRINGS = NO;
				SWIFT_VERSION = 5.0;
				TARGETED_DEVICE_FAMILY = "1,2";
				TEST_HOST = "$(BUILT_PRODUCTS_DIR)/Name It.app/$(BUNDLE_EXECUTABLE_FOLDER_PATH)/Name It";
			};
			name = Release;
		};
		55AB71E92DA732B3002E3C0A /* Debug */ = {
			isa = XCBuildConfiguration;
			buildSettings = {
				CODE_SIGN_STYLE = Automatic;
				CURRENT_PROJECT_VERSION = 1;
				DEVELOPMENT_TEAM = J632998URR;
				GENERATE_INFOPLIST_FILE = YES;
				MARKETING_VERSION = 1.0;
				PRODUCT_BUNDLE_IDENTIFIER = "com.cetys.Name-ItUITests";
				PRODUCT_NAME = "$(TARGET_NAME)";
				SWIFT_EMIT_LOC_STRINGS = NO;
				SWIFT_VERSION = 5.0;
				TARGETED_DEVICE_FAMILY = "1,2";
				TEST_TARGET_NAME = "Name It";
			};
			name = Debug;
		};
		55AB71EA2DA732B3002E3C0A /* Release */ = {
			isa = XCBuildConfiguration;
			buildSettings = {
				CODE_SIGN_STYLE = Automatic;
				CURRENT_PROJECT_VERSION = 1;
				DEVELOPMENT_TEAM = J632998URR;
				GENERATE_INFOPLIST_FILE = YES;
				MARKETING_VERSION = 1.0;
				PRODUCT_BUNDLE_IDENTIFIER = "com.cetys.Name-ItUITests";
				PRODUCT_NAME = "$(TARGET_NAME)";
				SWIFT_EMIT_LOC_STRINGS = NO;
				SWIFT_VERSION = 5.0;
				TARGETED_DEVICE_FAMILY = "1,2";
				TEST_TARGET_NAME = "Name It";
			};
			name = Release;
		};
/* End XCBuildConfiguration section */

/* Begin XCConfigurationList section */
		55AB71B42DA732AE002E3C0A /* Build configuration list for PBXProject "Name It" */ = {
			isa = XCConfigurationList;
			buildConfigurations = (
				55AB71E02DA732B3002E3C0A /* Debug */,
				55AB71E12DA732B3002E3C0A /* Release */,
			);
			defaultConfigurationIsVisible = 0;
			defaultConfigurationName = Release;
		};
		55AB71E22DA732B3002E3C0A /* Build configuration list for PBXNativeTarget "Name It" */ = {
			isa = XCConfigurationList;
			buildConfigurations = (
				55AB71E32DA732B3002E3C0A /* Debug */,
				55AB71E42DA732B3002E3C0A /* Release */,
			);
			defaultConfigurationIsVisible = 0;
			defaultConfigurationName = Release;
		};
		55AB71E52DA732B3002E3C0A /* Build configuration list for PBXNativeTarget "Name ItTests" */ = {
			isa = XCConfigurationList;
			buildConfigurations = (
				55AB71E62DA732B3002E3C0A /* Debug */,
				55AB71E72DA732B3002E3C0A /* Release */,
			);
			defaultConfigurationIsVisible = 0;
			defaultConfigurationName = Release;
		};
		55AB71E82DA732B3002E3C0A /* Build configuration list for PBXNativeTarget "Name ItUITests" */ = {
			isa = XCConfigurationList;
			buildConfigurations = (
				55AB71E92DA732B3002E3C0A /* Debug */,
				55AB71EA2DA732B3002E3C0A /* Release */,
			);
			defaultConfigurationIsVisible = 0;
			defaultConfigurationName = Release;
		};
/* End XCConfigurationList section */
	};
	rootObject = 55AB71B12DA732AE002E3C0A /* Project object */;
}
